
Microsoft Visual Studio Solution File, Format Version 12.00
# Visual Studio Version 16
VisualStudioVersion = 16.0.31025.194
MinimumVisualStudioVersion = 10.0.40219.1
Project("{FAE04EC0-301F-11D3-BF4B-00C04F79EFBC}") = "Text-Based-Rpg-Consoel-Game", "Text-Based-Rpg-Consoel-Game\Text-Based-Rpg-Consoel-Game.csproj", "{7CB74F94-F38B-471B-9832-DC80182B3531}"
EndProject
Global
	GlobalSection(SolutionConfigurationPlatforms) = preSolution
		Debug|Any CPU = Debug|Any CPU
		Release|Any CPU = Release|Any CPU
	EndGlobalSection
	GlobalSection(ProjectConfigurationPlatforms) = postSolution
		{7CB74F94-F38B-471B-9832-DC80182B3531}.Debug|Any CPU.ActiveCfg = Debug|Any CPU
		{7CB74F94-F38B-471B-9832-DC80182B3531}.Debug|Any CPU.Build.0 = Debug|Any CPU
		{7CB74F94-F38B-471B-9832-DC80182B3531}.Release|Any CPU.ActiveCfg = Release|Any CPU
		{7CB74F94-F38B-471B-9832-DC80182B3531}.Release|Any CPU.Build.0 = Release|Any CPU
	EndGlobalSection
	GlobalSection(SolutionProperties) = preSolution
		HideSolutionNode = FALSE
	EndGlobalSection
	GlobalSection(ExtensibilityGlobals) = postSolution
		SolutionGuid = {675A40E0-ED64-452C-A3DD-297442992D9A}
	EndGlobalSection
EndGlobal
